// !$*UTF8*$!
{
	archiveVersion = 1;
	classes = {
	};
	objectVersion = 56;
	objects = {

/* Begin PBXBuildFile section */
		151822D6297EBD4500BCD3AF /* scrumApp.swift in Sources */ = {isa = PBXBuildFile; fileRef = 151822D5297EBD4500BCD3AF /* scrumApp.swift */; };
		151822DD297EBD4800BCD3AF /* Preview Assets.xcassets in Resources */ = {isa = PBXBuildFile; fileRef = 151822DC297EBD4800BCD3AF /* Preview Assets.xcassets */; };
		158BAFA5297F94C600622C2D /* Theme.swift in Sources */ = {isa = PBXBuildFile; fileRef = 158BAFA4297F94C600622C2D /* Theme.swift */; };
		158BAFDA297F968900622C2D /* DailyScrum.swift in Sources */ = {isa = PBXBuildFile; fileRef = 158BAFD9297F968900622C2D /* DailyScrum.swift */; };
		158BAFDC297F97B500622C2D /* CardView.swift in Sources */ = {isa = PBXBuildFile; fileRef = 158BAFDB297F97B500622C2D /* CardView.swift */; };
		158BAFDE297F982700622C2D /* MeetingView.swift in Sources */ = {isa = PBXBuildFile; fileRef = 158BAFDD297F982700622C2D /* MeetingView.swift */; };
		158BAFE1297F99E500622C2D /* Assets.xcassets in Resources */ = {isa = PBXBuildFile; fileRef = 158BAFE0297F99E500622C2D /* Assets.xcassets */; };
		158BAFE3297F9C9600622C2D /* TrailingIcon.swift in Sources */ = {isa = PBXBuildFile; fileRef = 158BAFE2297F9C9600622C2D /* TrailingIcon.swift */; };
		158BAFE5297FA0C500622C2D /* ScrumView.swift in Sources */ = {isa = PBXBuildFile; fileRef = 158BAFE4297FA0C500622C2D /* ScrumView.swift */; };
		15BBB669298120E800031DB6 /* DetailView.swift in Sources */ = {isa = PBXBuildFile; fileRef = 15BBB668298120E800031DB6 /* DetailView.swift */; };
/* End PBXBuildFile section */

/* Begin PBXFileReference section */
		151822D2297EBD4500BCD3AF /* scrum.app */ = {isa = PBXFileReference; explicitFileType = wrapper.application; includeInIndex = 0; path = scrum.app; sourceTree = BUILT_PRODUCTS_DIR; };
		151822D5297EBD4500BCD3AF /* scrumApp.swift */ = {isa = PBXFileReference; lastKnownFileType = sourcecode.swift; path = scrumApp.swift; sourceTree = "<group>"; };
		151822DC297EBD4800BCD3AF /* Preview Assets.xcassets */ = {isa = PBXFileReference; lastKnownFileType = folder.assetcatalog; path = "Preview Assets.xcassets"; sourceTree = "<group>"; };
		158BAFA4297F94C600622C2D /* Theme.swift */ = {isa = PBXFileReference; lastKnownFileType = sourcecode.swift; path = Theme.swift; sourceTree = "<group>"; };
		158BAFD9297F968900622C2D /* DailyScrum.swift */ = {isa = PBXFileReference; lastKnownFileType = sourcecode.swift; path = DailyScrum.swift; sourceTree = "<group>"; };
		158BAFDB297F97B500622C2D /* CardView.swift */ = {isa = PBXFileReference; lastKnownFileType = sourcecode.swift; path = CardView.swift; sourceTree = "<group>"; };
		158BAFDD297F982700622C2D /* MeetingView.swift */ = {isa = PBXFileReference; fileEncoding = 4; lastKnownFileType = sourcecode.swift; path = MeetingView.swift; sourceTree = "<group>"; };
		158BAFE0297F99E500622C2D /* Assets.xcassets */ = {isa = PBXFileReference; lastKnownFileType = folder.assetcatalog; name = Assets.xcassets; path = ../Assets.xcassets; sourceTree = "<group>"; };
		158BAFE2297F9C9600622C2D /* TrailingIcon.swift */ = {isa = PBXFileReference; lastKnownFileType = sourcecode.swift; path = TrailingIcon.swift; sourceTree = "<group>"; };
		158BAFE4297FA0C500622C2D /* ScrumView.swift */ = {isa = PBXFileReference; lastKnownFileType = sourcecode.swift; path = ScrumView.swift; sourceTree = "<group>"; };
		15BBB668298120E800031DB6 /* DetailView.swift */ = {isa = PBXFileReference; lastKnownFileType = sourcecode.swift; path = DetailView.swift; sourceTree = "<group>"; };
/* End PBXFileReference section */

/* Begin PBXFrameworksBuildPhase section */
		151822CF297EBD4500BCD3AF /* Frameworks */ = {
			isa = PBXFrameworksBuildPhase;
			buildActionMask = 2147483647;
			files = (
			);
			runOnlyForDeploymentPostprocessing = 0;
		};
/* End PBXFrameworksBuildPhase section */

/* Begin PBXGroup section */
		151822C9297EBD4500BCD3AF = {
			isa = PBXGroup;
			children = (
				151822D4297EBD4500BCD3AF /* scrum */,
				151822D3297EBD4500BCD3AF /* Products */,
			);
			sourceTree = "<group>";
		};
		151822D3297EBD4500BCD3AF /* Products */ = {
			isa = PBXGroup;
			children = (
				151822D2297EBD4500BCD3AF /* scrum.app */,
			);
			name = Products;
			sourceTree = "<group>";
		};
		151822D4297EBD4500BCD3AF /* scrum */ = {
			isa = PBXGroup;
			children = (
				158BAFDF297F983200622C2D /* view */,
				158BAFA3297F94AD00622C2D /* models */,
				151822D5297EBD4500BCD3AF /* scrumApp.swift */,
				158BAFE0297F99E500622C2D /* Assets.xcassets */,
				151822DB297EBD4800BCD3AF /* Preview Content */,
				158BAFE2297F9C9600622C2D /* TrailingIcon.swift */,
			);
			path = scrum;
			sourceTree = "<group>";
		};
		151822DB297EBD4800BCD3AF /* Preview Content */ = {
			isa = PBXGroup;
			children = (
				151822DC297EBD4800BCD3AF /* Preview Assets.xcassets */,
			);
			path = "Preview Content";
			sourceTree = "<group>";
		};
		158BAFA3297F94AD00622C2D /* models */ = {
			isa = PBXGroup;
			children = (
				158BAFA4297F94C600622C2D /* Theme.swift */,
				158BAFD9297F968900622C2D /* DailyScrum.swift */,
			);
			path = models;
			sourceTree = "<group>";
		};
		158BAFDF297F983200622C2D /* view */ = {
			isa = PBXGroup;
			children = (
				158BAFDD297F982700622C2D /* MeetingView.swift */,
				158BAFDB297F97B500622C2D /* CardView.swift */,
				158BAFE4297FA0C500622C2D /* ScrumView.swift */,
				15BBB668298120E800031DB6 /* DetailView.swift */,
			);
			path = view;
			sourceTree = "<group>";
		};
/* End PBXGroup section */

/* Begin PBXNativeTarget section */
		151822D1297EBD4500BCD3AF /* scrum */ = {
			isa = PBXNativeTarget;
			buildConfigurationList = 151822E0297EBD4800BCD3AF /* Build configuration list for PBXNativeTarget "scrum" */;
			buildPhases = (
				151822CE297EBD4500BCD3AF /* Sources */,
				151822CF297EBD4500BCD3AF /* Frameworks */,
				151822D0297EBD4500BCD3AF /* Resources */,
			);
			buildRules = (
			);
			dependencies = (
			);
			name = scrum;
			productName = scrum;
			productReference = 151822D2297EBD4500BCD3AF /* scrum.app */;
			productType = "com.apple.product-type.application";
		};
/* End PBXNativeTarget section */

/* Begin PBXProject section */
		151822CA297EBD4500BCD3AF /* Project object */ = {
			isa = PBXProject;
			attributes = {
				BuildIndependentTargetsInParallel = 1;
				LastSwiftUpdateCheck = 1420;
				LastUpgradeCheck = 1420;
				TargetAttributes = {
					151822D1297EBD4500BCD3AF = {
						CreatedOnToolsVersion = 14.2;
					};
				};
			};
			buildConfigurationList = 151822CD297EBD4500BCD3AF /* Build configuration list for PBXProject "scrum" */;
			compatibilityVersion = "Xcode 14.0";
			developmentRegion = en;
			hasScannedForEncodings = 0;
			knownRegions = (
				en,
				Base,
			);
			mainGroup = 151822C9297EBD4500BCD3AF;
			productRefGroup = 151822D3297EBD4500BCD3AF /* Products */;
			projectDirPath = "";
			projectRoot = "";
			targets = (
				151822D1297EBD4500BCD3AF /* scrum */,
			);
		};
/* End PBXProject section */

/* Begin PBXResourcesBuildPhase section */
		151822D0297EBD4500BCD3AF /* Resources */ = {
			isa = PBXResourcesBuildPhase;
			buildActionMask = 2147483647;
			files = (
				151822DD297EBD4800BCD3AF /* Preview Assets.xcassets in Resources */,
				158BAFE1297F99E500622C2D /* Assets.xcassets in Resources */,
			);
			runOnlyForDeploymentPostprocessing = 0;
		};
/* End PBXResourcesBuildPhase section */

/* Begin PBXSourcesBuildPhase section */
		151822CE297EBD4500BCD3AF /* Sources */ = {
			isa = PBXSourcesBuildPhase;
			buildActionMask = 2147483647;
			files = (
				158BAFDA297F968900622C2D /* DailyScrum.swift in Sources */,
				15BBB669298120E800031DB6 /* DetailView.swift in Sources */,
				158BAFE5297FA0C500622C2D /* ScrumView.swift in Sources */,
				158BAFA5297F94C600622C2D /* Theme.swift in Sources */,
				158BAFDE297F982700622C2D /* MeetingView.swift in Sources */,
				151822D6297EBD4500BCD3AF /* scrumApp.swift in Sources */,
				158BAFE3297F9C9600622C2D /* TrailingIcon.swift in Sources */,
				158BAFDC297F97B500622C2D /* CardView.swift in Sources */,
			);
			runOnlyForDeploymentPostprocessing = 0;
		};
/* End PBXSourcesBuildPhase section */

/* Begin XCBuildConfiguration section */
		151822DE297EBD4800BCD3AF /* Debug */ = {
			isa = XCBuildConfiguration;
			buildSettings = {
				ALWAYS_SEARCH_USER_PATHS = NO;
				CLANG_ANALYZER_NONNULL = YES;
				CLANG_ANALYZER_NUMBER_OBJECT_CONVERSION = YES_AGGRESSIVE;
				CLANG_CXX_LANGUAGE_STANDARD = "gnu++20";
				CLANG_ENABLE_MODULES = YES;
				CLANG_ENABLE_OBJC_ARC = YES;
				CLANG_ENABLE_OBJC_WEAK = YES;
				CLANG_WARN_BLOCK_CAPTURE_AUTORELEASING = YES;
				CLANG_WARN_BOOL_CONVERSION = YES;
				CLANG_WARN_COMMA = YES;
				CLANG_WARN_CONSTANT_CONVERSION = YES;
				CLANG_WARN_DEPRECATED_OBJC_IMPLEMENTATIONS = YES;
				CLANG_WARN_DIRECT_OBJC_ISA_USAGE = YES_ERROR;
				CLANG_WARN_DOCUMENTATION_COMMENTS = YES;
				CLANG_WARN_EMPTY_BODY = YES;
				CLANG_WARN_ENUM_CONVERSION = YES;
				CLANG_WARN_INFINITE_RECURSION = YES;
				CLANG_WARN_INT_CONVERSION = YES;
				CLANG_WARN_NON_LITERAL_NULL_CONVERSION = YES;
				CLANG_WARN_OBJC_IMPLICIT_RETAIN_SELF = YES;
				CLANG_WARN_OBJC_LITERAL_CONVERSION = YES;
				CLANG_WARN_OBJC_ROOT_CLASS = YES_ERROR;
				CLANG_WARN_QUOTED_INCLUDE_IN_FRAMEWORK_HEADER = YES;
				CLANG_WARN_RANGE_LOOP_ANALYSIS = YES;
				CLANG_WARN_STRICT_PROTOTYPES = YES;
				CLANG_WARN_SUSPICIOUS_MOVE = YES;
				CLANG_WARN_UNGUARDED_AVAILABILITY = YES_AGGRESSIVE;
				CLANG_WARN_UNREACHABLE_CODE = YES;
				CLANG_WARN__DUPLICATE_METHOD_MATCH = YES;
				COPY_PHASE_STRIP = NO;
				DEBUG_INFORMATION_FORMAT = dwarf;
				ENABLE_STRICT_OBJC_MSGSEND = YES;
				ENABLE_TESTABILITY = YES;
				GCC_C_LANGUAGE_STANDARD = gnu11;
				GCC_DYNAMIC_NO_PIC = NO;
				GCC_NO_COMMON_BLOCKS = YES;
				GCC_OPTIMIZATION_LEVEL = 0;
				GCC_PREPROCESSOR_DEFINITIONS = (
					"DEBUG=1",
					"$(inherited)",
				);
				GCC_WARN_64_TO_32_BIT_CONVERSION = YES;
				GCC_WARN_ABOUT_RETURN_TYPE = YES_ERROR;
				GCC_WARN_UNDECLARED_SELECTOR = YES;
				GCC_WARN_UNINITIALIZED_AUTOS = YES_AGGRESSIVE;
				GCC_WARN_UNUSED_FUNCTION = YES;
				GCC_WARN_UNUSED_VARIABLE = YES;
				IPHONEOS_DEPLOYMENT_TARGET = 16.2;
				MTL_ENABLE_DEBUG_INFO = INCLUDE_SOURCE;
				MTL_FAST_MATH = YES;
				ONLY_ACTIVE_ARCH = YES;
				SDKROOT = iphoneos;
				SWIFT_ACTIVE_COMPILATION_CONDITIONS = DEBUG;
				SWIFT_OPTIMIZATION_LEVEL = "-Onone";
			};
			name = Debug;
		};
		151822DF297EBD4800BCD3AF /* Release */ = {
			isa = XCBuildConfiguration;
			buildSettings = {
				ALWAYS_SEARCH_USER_PATHS = NO;
				CLANG_ANALYZER_NONNULL = YES;
				CLANG_ANALYZER_NUMBER_OBJECT_CONVERSION = YES_AGGRESSIVE;
				CLANG_CXX_LANGUAGE_STANDARD = "gnu++20";
				CLANG_ENABLE_MODULES = YES;
				CLANG_ENABLE_OBJC_ARC = YES;
				CLANG_ENABLE_OBJC_WEAK = YES;
				CLANG_WARN_BLOCK_CAPTURE_AUTORELEASING = YES;
				CLANG_WARN_BOOL_CONVERSION = YES;
				CLANG_WARN_COMMA = YES;
				CLANG_WARN_CONSTANT_CONVERSION = YES;
				CLANG_WARN_DEPRECATED_OBJC_IMPLEMENTATIONS = YES;
				CLANG_WARN_DIRECT_OBJC_ISA_USAGE = YES_ERROR;
				CLANG_WARN_DOCUMENTATION_COMMENTS = YES;
				CLANG_WARN_EMPTY_BODY = YES;
				CLANG_WARN_ENUM_CONVERSION = YES;
				CLANG_WARN_INFINITE_RECURSION = YES;
				CLANG_WARN_INT_CONVERSION = YES;
				CLANG_WARN_NON_LITERAL_NULL_CONVERSION = YES;
				CLANG_WARN_OBJC_IMPLICIT_RETAIN_SELF = YES;
				CLANG_WARN_OBJC_LITERAL_CONVERSION = YES;
				CLANG_WARN_OBJC_ROOT_CLASS = YES_ERROR;
				CLANG_WARN_QUOTED_INCLUDE_IN_FRAMEWORK_HEADER = YES;
				CLANG_WARN_RANGE_LOOP_ANALYSIS = YES;
				CLANG_WARN_STRICT_PROTOTYPES = YES;
				CLANG_WARN_SUSPICIOUS_MOVE = YES;
				CLANG_WARN_UNGUARDED_AVAILABILITY = YES_AGGRESSIVE;
				CLANG_WARN_UNREACHABLE_CODE = YES;
				CLANG_WARN__DUPLICATE_METHOD_MATCH = YES;
				COPY_PHASE_STRIP = NO;
				DEBUG_INFORMATION_FORMAT = "dwarf-with-dsym";
				ENABLE_NS_ASSERTIONS = NO;
				ENABLE_STRICT_OBJC_MSGSEND = YES;
				GCC_C_LANGUAGE_STANDARD = gnu11;
				GCC_NO_COMMON_BLOCKS = YES;
				GCC_WARN_64_TO_32_BIT_CONVERSION = YES;
				GCC_WARN_ABOUT_RETURN_TYPE = YES_ERROR;
				GCC_WARN_UNDECLARED_SELECTOR = YES;
				GCC_WARN_UNINITIALIZED_AUTOS = YES_AGGRESSIVE;
				GCC_WARN_UNUSED_FUNCTION = YES;
				GCC_WARN_UNUSED_VARIABLE = YES;
				IPHONEOS_DEPLOYMENT_TARGET = 16.2;
				MTL_ENABLE_DEBUG_INFO = NO;
				MTL_FAST_MATH = YES;
				SDKROOT = iphoneos;
				SWIFT_COMPILATION_MODE = wholemodule;
				SWIFT_OPTIMIZATION_LEVEL = "-O";
				VALIDATE_PRODUCT = YES;
			};
			name = Release;
		};
		151822E1297EBD4800BCD3AF /* Debug */ = {
			isa = XCBuildConfiguration;
			buildSettings = {
				ASSETCATALOG_COMPILER_APPICON_NAME = AppIcon;
				ASSETCATALOG_COMPILER_GLOBAL_ACCENT_COLOR_NAME = AccentColor;
				CODE_SIGN_STYLE = Automatic;
				CURRENT_PROJECT_VERSION = 1;
				DEVELOPMENT_ASSET_PATHS = "\"scrum/Preview Content\"";
				DEVELOPMENT_TEAM = Q4CNLZDLJ4;
				ENABLE_PREVIEWS = YES;
				GENERATE_INFOPLIST_FILE = YES;
				INFOPLIST_KEY_UIApplicationSceneManifest_Generation = YES;
				INFOPLIST_KEY_UIApplicationSupportsIndirectInputEvents = YES;
				INFOPLIST_KEY_UILaunchScreen_Generation = YES;
				INFOPLIST_KEY_UISupportedInterfaceOrientations_iPad = "UIInterfaceOrientationPortrait UIInterfaceOrientationPortraitUpsideDown UIInterfaceOrientationLandscapeLeft UIInterfaceOrientationLandscapeRight";
				INFOPLIST_KEY_UISupportedInterfaceOrientations_iPhone = "UIInterfaceOrientationPortrait UIInterfaceOrientationLandscapeLeft UIInterfaceOrientationLandscapeRight";
				LD_RUNPATH_SEARCH_PATHS = (
					"$(inherited)",
					"@executable_path/Frameworks",
				);
				MARKETING_VERSION = 1.0;
				PRODUCT_BUNDLE_IDENTIFIER = na.scrum;
				PRODUCT_NAME = "$(TARGET_NAME)";
				SWIFT_EMIT_LOC_STRINGS = YES;
				SWIFT_VERSION = 5.0;
				TARGETED_DEVICE_FAMILY = "1,2";
			};
			name = Debug;
		};
		151822E2297EBD4800BCD3AF /* Release */ = {
			isa = XCBuildConfiguration;
			buildSettings = {
				ASSETCATALOG_COMPILER_APPICON_NAME = AppIcon;
				ASSETCATALOG_COMPILER_GLOBAL_ACCENT_COLOR_NAME = AccentColor;
				CODE_SIGN_STYLE = Automatic;
				CURRENT_PROJECT_VERSION = 1;
				DEVELOPMENT_ASSET_PATHS = "\"scrum/Preview Content\"";
				DEVELOPMENT_TEAM = Q4CNLZDLJ4;
				ENABLE_PREVIEWS = YES;
				GENERATE_INFOPLIST_FILE = YES;
				INFOPLIST_KEY_UIApplicationSceneManifest_Generation = YES;
				INFOPLIST_KEY_UIApplicationSupportsIndirectInputEvents = YES;
				INFOPLIST_KEY_UILaunchScreen_Generation = YES;
				INFOPLIST_KEY_UISupportedInterfaceOrientations_iPad = "UIInterfaceOrientationPortrait UIInterfaceOrientationPortraitUpsideDown UIInterfaceOrientationLandscapeLeft UIInterfaceOrientationLandscapeRight";
				INFOPLIST_KEY_UISupportedInterfaceOrientations_iPhone = "UIInterfaceOrientationPortrait UIInterfaceOrientationLandscapeLeft UIInterfaceOrientationLandscapeRight";
				LD_RUNPATH_SEARCH_PATHS = (
					"$(inherited)",
					"@executable_path/Frameworks",
				);
				MARKETING_VERSION = 1.0;
				PRODUCT_BUNDLE_IDENTIFIER = na.scrum;
				PRODUCT_NAME = "$(TARGET_NAME)";
				SWIFT_EMIT_LOC_STRINGS = YES;
				SWIFT_VERSION = 5.0;
				TARGETED_DEVICE_FAMILY = "1,2";
			};
			name = Release;
		};
/* End XCBuildConfiguration section */

/* Begin XCConfigurationList section */
		151822CD297EBD4500BCD3AF /* Build configuration list for PBXProject "scrum" */ = {
			isa = XCConfigurationList;
			buildConfigurations = (
				151822DE297EBD4800BCD3AF /* Debug */,
				151822DF297EBD4800BCD3AF /* Release */,
			);
			defaultConfigurationIsVisible = 0;
			defaultConfigurationName = Release;
		};
		151822E0297EBD4800BCD3AF /* Build configuration list for PBXNativeTarget "scrum" */ = {
			isa = XCConfigurationList;
			buildConfigurations = (
				151822E1297EBD4800BCD3AF /* Debug */,
				151822E2297EBD4800BCD3AF /* Release */,
			);
			defaultConfigurationIsVisible = 0;
			defaultConfigurationName = Release;
		};
/* End XCConfigurationList section */
	};
	rootObject = 151822CA297EBD4500BCD3AF /* Project object */;
}
